{
  "lockfileVersion": 1,
  "configVersion": 1,
  "workspaces": {
    "": {
      "name": "root",
      "devDependencies": {
        "@biomejs/biome": "^2.5.2",
        "turbo": "^2.10.3",
        "typescript": "5.9.2",
      },
    },
    "backend": {
      "name": "@repo/backend",
      "version": "0.0.0",
      "dependencies": {
        "hono": "^4.6.0",
      },
      "devDependencies": {
        "@repo/config": "workspace:*",
        "@types/bun": "^1.3.0",
        "typescript": "5.9.2",
      },
    },
    "config": {
      "name": "@repo/config",
      "version": "0.0.0",
    },
    "contracts": {
      "name": "@repo/contracts",
      "version": "0.0.0",
      "dependencies": {
        "@openzeppelin/contracts": "^5.6.1",
        "forge-std": "github:foundry-rs/forge-std#v1.16.2",
      },
    },
  },
  "packages": {
    "@biomejs/biome": ["@biomejs/biome@2.5.6", "", { "optionalDependencies": { "@biomejs/cli-darwin-arm64": "2.5.6", "@biomejs/cli-darwin-x64": "2.5.6", "@biomejs/cli-linux-arm64": "2.5.6", "@biomejs/cli-linux-arm64-musl": "2.5.6", "@biomejs/cli-linux-x64": "2.5.6", "@biomejs/cli-linux-x64-musl": "2.5.6", "@biomejs/cli-win32-arm64": "2.5.6", "@biomejs/cli-win32-x64": "2.5.6" }, "bin": { "biome": "bin/biome" } }, "sha512-lxVNjv7UF6KfhMJfL9gaUHbWdJdHbsAj6OSmwSYNdhRuG67NxNQ4Xdvh3TUxsSK9sBzJBQhEJj3AopmmNJ5pSA=="],

    "@biomejs/cli-darwin-arm64": ["@biomejs/cli-darwin-arm64@2.5.6", "", { "os": "darwin", "cpu": "arm64" }, "sha512-zMOLZP4oMrjh6m1zcSj1ud2awUPgTuMVbmQhYYWL7J8HwCnbHHBvTm7VBTRuY7epT5bez76IpKYQ11ZAqHFlnw=="],

    "@biomejs/cli-darwin-x64": ["@biomejs/cli-darwin-x64@2.5.6", "", { "os": "darwin", "cpu": "x64" }, "sha512-JAC1VqzvO7Th5ZplU0G2uGfkZbxEe9uDDektPAhF0JLusoz1w+T4okp2bkykI0bbaO2vslKiRfj4gU43JaGreA=="],

    "@biomejs/cli-linux-arm64": ["@biomejs/cli-linux-arm64@2.5.6", "", { "os": "linux", "cpu": "arm64" }, "sha512-6XsYwCFkp5sMxl85ffhgeGpGgs6A7dRYFnkceZ7WVxvycuTnGdD5xa534Z3xfrBQ0JCMK/mujT6ZNPJoghedwg=="],

    "@biomejs/cli-linux-arm64-musl": ["@biomejs/cli-linux-arm64-musl@2.5.6", "", { "os": "linux", "cpu": "arm64" }, "sha512-eUa3jeeYvfMt19LBeh6E5PUZpxnTC4JqNWo+EDjTtQjAr2xLGnWaxACtVU1DQqmHYbvThlJzLX+ZsYgrqh2qVw=="],

    "@biomejs/cli-linux-x64": ["@biomejs/cli-linux-x64@2.5.6", "", { "os": "linux", "cpu": "x64" }, "sha512-Pop9VXCFUhFTMfFefZ39S+u2rOPyNp5iHlxbZRwXGACHLy2r0jjiRgJHmaEKJzL3SyxlVeGShXhvvElvWowonA=="],

    "@biomejs/cli-linux-x64-musl": ["@biomejs/cli-linux-x64-musl@2.5.6", "", { "os": "linux", "cpu": "x64" }, "sha512-2Vp13QdKysH3HIWLaYLhUUwbK+jbZonJD1K+Lr0d0RO4wH7mkYd43vJixEDm8cUWrowoRz4UUHF1nm9Ae7ym8A=="],

    "@biomejs/cli-win32-arm64": ["@biomejs/cli-win32-arm64@2.5.6", "", { "os": "win32", "cpu": "arm64" }, "sha512-tDGshcm6BdkZOCGnTDX0Y8/U4IfBSlnUU7T56nNDuPEfed+aHg+u8G36NB43fJVl0Os6+QURXIE1yuD7AaEofA=="],

    "@biomejs/cli-win32-x64": ["@biomejs/cli-win32-x64@2.5.6", "", { "os": "win32", "cpu": "x64" }, "sha512-WN05KwXnTO/2J45RQPvzZMXf7tZUIofHoR35xIPfCo7pQ2RFidxI8sfb5mGsaTxdMmEOzHzOPRCdA5/fCpc7xQ=="],

    "@openzeppelin/contracts": ["@openzeppelin/contracts@5.6.1", "", {}, "sha512-Ly6SlsVJ3mj+b18W3R8gNufB7dTICT105fJhodGAGgyC2oqnBAhqSiNDJ8V8DLY05cCz81GLI0CU5vNYA1EC/w=="],

    "@repo/backend": ["@repo/backend@workspace:backend"],

    "@repo/config": ["@repo/config@workspace:config"],

    "@repo/contracts": ["@repo/contracts@workspace:contracts"],

    "@turbo/darwin-64": ["@turbo/darwin-64@2.10.8", "", { "os": "darwin", "cpu": "x64" }, "sha512-po+7rfJfUnFXjWlcoN2RwhErgzCdRtBc1T26vYPcywHlggmCQiQe1uWaE4j+BibI2uY9/2pDoFzMN0rmSaPFOw=="],

    "@turbo/darwin-arm64": ["@turbo/darwin-arm64@2.10.8", "", { "os": "darwin", "cpu": "arm64" }, "sha512-+zB2btDJ00lnPRuqOvpVvgl4x34k/djZQGZTTCfjn7JgNCl8QFY5Njo5+dqkY1g/+9gbbsnAvWm9CmJg9ebcXA=="],

    "@turbo/linux-64": ["@turbo/linux-64@2.10.8", "", { "os": [ "linux", "android", ], "cpu": "x64" }, "sha512-K1dxqiVisyN7cViVsfQLs6xscQbYuI8aO2nbUhFURDACgEDfZRdP/b4CCxeosBJpcMfhYyiibWqJorCnvz9kKg=="],

    "@turbo/linux-arm64": ["@turbo/linux-arm64@2.10.8", "", { "os": [ "linux", "android", ], "cpu": "arm64" }, "sha512-Gi77ibVnrE1fEmvr+/wBD/yvRqhwp/RQuCp2+//lv1U1wNFFyVg0V7Wj8FG9FXPFAw5QHReo8rxc9+wBSDZjzA=="],

    "@turbo/windows-64": ["@turbo/windows-64@2.10.8", "", { "os": "win32", "cpu": "x64" }, "sha512-znnLO1haJPYTHoKMKwlAvlkjRiYbbhBzME6wIGaMd+fwir23U6jVd1ecaTWWi1fbnRVqxMfgDBKseQ/hLKb83g=="],

    "@turbo/windows-arm64": ["@turbo/windows-arm64@2.10.8", "", { "os": "win32", "cpu": "arm64" }, "sha512-VN30vh3b3Czh2WzYHNTfF1FE0YMZ5aHsLO8dBMGHJewA6792wX6iJR8ZxlzFW6WdOu0gEAKIvlYhfyT81Wkm4Q=="],

    "@types/bun": ["@types/bun@1.3.14", "", { "dependencies": { "bun-types": "1.3.14" } }, "sha512-h1hFqFVcvAvD9j9K7ZW7vd82aSA+rTdznZa+5bwvCwqSB1jmmfLcbIWhOLx1/+boy/xmjgCs/OMUL8hRJSmnPw=="],

    "@types/node": ["@types/node@26.1.2", "", { "dependencies": { "undici-types": "~8.3.0" } }, "sha512-Vu4a5UFA9rIIFJ7rB/Vaafh9lrCQszopTCx6KjFboXTGQbPNasehVR5TEiithSDGyd1DEiUByggTZsg8jukeIg=="],

    "bun-types": ["bun-types@1.3.14", "", { "dependencies": { "@types/node": "*" } }, "sha512-4N0ig0fEomHt5R0KCFWjovxow98rIoRwKolrYdCcknNwMekCXRnWEUvgu5soYV8QXtVsrUD8B95MBOZGPvr6KQ=="],

    "forge-std": ["forge-std@github:foundry-rs/forge-std#bf647bd", {}, "foundry-rs-forge-std-bf647bd"],

    "hono": ["hono@4.12.33", "", {}, "sha512-+SwvkaiJtxsiPjhy9LivY/1m7UsNqCJetM1BrZl9A5DkQhlbHQDU730mMiDPWjnoCYOM8Chf3WrCJw27kNTPFQ=="],

    "turbo": ["turbo@2.10.8", "", { "optionalDependencies": { "@turbo/darwin-64": "2.10.8", "@turbo/darwin-arm64": "2.10.8", "@turbo/linux-64": "2.10.8", "@turbo/linux-arm64": "2.10.8", "@turbo/windows-64": "2.10.8", "@turbo/windows-arm64": "2.10.8" }, "bin": { "turbo": "bin/turbo" } }, "sha512-9+8YX5QOkGXzZxcIykTHgaooRHGMWO+jfdyRK0o+rN0U7hBIig2MrJ8r/aNzIPDPhdA73SGb0O+tIztaModTMg=="],

    "typescript": ["typescript@5.9.2", "", { "bin": { "tsc": "bin/tsc", "tsserver": "bin/tsserver" } }, "sha512-CWBzXQrc/qOkhidw1OzBTQuYRbfyxDXJMVJ1XNwUHGROVmuaeiEm3OslpZ1RV96d7SKKjZKrSJu3+t/xlw3R9A=="],

    "undici-types": ["undici-types@8.3.0", "", {}, "sha512-j375ScV60dom+YkPFIfTLcOiPxkN/buHz5GobjLhixFuANaNs3C9l4GmrWqejgXWJ7BbJcFYpTEUkS1Ge8bpZQ=="],
  }
}
